[[package]]
category = "main"
description = "Screen-scraping library"
name = "beautifulsoup4"
optional = false
python-versions = "*"
version = "4.8.0"

[package.dependencies]
soupsieve = ">=1.2"

[package.extras]
html5lib = ["html5lib"]
lxml = ["lxml"]

[[package]]
category = "main"
description = "httplib2 caching for requests"
name = "cachecontrol"
optional = false
python-versions = ">=2.7, !=3.0.*, !=3.1.*, !=3.2.*, !=3.3.*"
version = "0.12.5"

[package.dependencies]
msgpack = "*"
requests = "*"

[package.extras]
filecache = ["lockfile (>=0.9)"]
redis = ["redis (>=2.10.5)"]

[[package]]
category = "main"
description = "A decorator for caching properties in classes."
name = "cached-property"
optional = false
python-versions = "*"
version = "1.5.1"

[[package]]
category = "main"
description = "Python package for providing Mozilla's CA Bundle."
name = "certifi"
optional = false
python-versions = "*"
version = "2020.4.5.1"

[[package]]
category = "main"
description = "Universal encoding detector for Python 2 and 3"
name = "chardet"
optional = false
python-versions = "*"
version = "3.0.4"

[[package]]
category = "main"
description = "An immutable dictionary"
name = "frozendict"
optional = false
python-versions = "*"
version = "1.2"

[[package]]
category = "main"
description = "Generate Anki decks programmatically"
name = "genanki"
optional = false
python-versions = "*"
version = "0.8.0"

[package.dependencies]
cached-property = "*"
frozendict = "*"
pystache = "*"
pyyaml = "*"

[package.source]
reference = "30ba2f09dbbda053df23f0a43e0cd59d2731ee53"
type = "git"
url = "https://github.com/kerrickstaley/genanki.git"
[[package]]
category = "main"
description = "Internationalized Domain Names in Applications (IDNA)"
name = "idna"
optional = false
python-versions = ">=2.7, !=3.0.*, !=3.1.*, !=3.2.*, !=3.3.*"
version = "2.9"

[[package]]
category = "main"
description = "Platform-independent file locking module"
name = "lockfile"
optional = false
python-versions = "*"
version = "0.12.2"

[[package]]
category = "main"
description = "Powerful and Pythonic XML processing library combining libxml2/libxslt with the ElementTree API."
name = "lxml"
optional = false
python-versions = ">=2.7, !=3.0.*, !=3.1.*, !=3.2.*, !=3.3.*, != 3.4.*"
version = "4.4.1"

[package.extras]
cssselect = ["cssselect (>=0.7)"]
html5 = ["html5lib"]
htmlsoup = ["beautifulsoup4"]
source = ["Cython (>=0.29.7)"]

[[package]]
category = "main"
description = "MessagePack (de)serializer."
name = "msgpack"
optional = false
python-versions = "*"
version = "0.6.2"

[[package]]
category = "main"
description = "Mustache for Python"
name = "pystache"
optional = false
python-versions = "*"
version = "0.5.4"

[[package]]
category = "main"
description = "YAML parser and emitter for Python"
name = "pyyaml"
optional = false
python-versions = ">=2.7, !=3.0.*, !=3.1.*, !=3.2.*, !=3.3.*, !=3.4.*"
version = "5.3.1"

[[package]]
category = "main"
description = "Python HTTP for Humans."
name = "requests"
optional = false
python-versions = ">=2.7, !=3.0.*, !=3.1.*, !=3.2.*, !=3.3.*, !=3.4.*"
version = "2.23.0"

[package.dependencies]
certifi = ">=2017.4.17"
chardet = ">=3.0.2,<4"
idna = ">=2.5,<3"
urllib3 = ">=1.21.1,<1.25.0 || >1.25.0,<1.25.1 || >1.25.1,<1.26"

[package.extras]
security = ["pyOpenSSL (>=0.14)", "cryptography (>=1.3.4)"]
socks = ["PySocks (>=1.5.6,<1.5.7 || >1.5.7)", "win-inet-pton"]

[[package]]
category = "main"
description = "A modern CSS selector implementation for Beautiful Soup."
name = "soupsieve"
optional = false
python-versions = ">=3.5"
version = "2.0.1"

[[package]]
category = "main"
description = "HTTP library with thread-safe connection pooling, file post, and more."
name = "urllib3"
optional = false
python-versions = ">=2.7, !=3.0.*, !=3.1.*, !=3.2.*, !=3.3.*, !=3.4.*, <4"
version = "1.25.9"

[package.extras]
brotli = ["brotlipy (>=0.6.0)"]
secure = ["certifi", "cryptography (>=1.3.4)", "idna (>=2.0.0)", "pyOpenSSL (>=0.14)", "ipaddress"]
socks = ["PySocks (>=1.5.6,<1.5.7 || >1.5.7,<2.0)"]

[metadata]
content-hash = "7a3304bce32cc56582c19274f7e68249d1cca19f8458a7c6a3d304ba6b546aa4"
python-versions = "^3.7"

[metadata.files]
beautifulsoup4 = [
    {file = "beautifulsoup4-4.8.0-py2-none-any.whl", hash = "sha256:05668158c7b85b791c5abde53e50265e16f98ad601c402ba44d70f96c4159612"},
    {file = "beautifulsoup4-4.8.0-py3-none-any.whl", hash = "sha256:f040590be10520f2ea4c2ae8c3dae441c7cfff5308ec9d58a0ec0c1b8f81d469"},
    {file = "beautifulsoup4-4.8.0.tar.gz", hash = "sha256:25288c9e176f354bf277c0a10aa96c782a6a18a17122dba2e8cec4a97e03343b"},
]
cachecontrol = [
    {file = "CacheControl-0.12.5.tar.gz", hash = "sha256:cef77effdf51b43178f6a2d3b787e3734f98ade253fa3187f3bb7315aaa42ff7"},
]
cached-property = [
    {file = "cached-property-1.5.1.tar.gz", hash = "sha256:9217a59f14a5682da7c4b8829deadbfc194ac22e9908ccf7c8820234e80a1504"},
    {file = "cached_property-1.5.1-py2.py3-none-any.whl", hash = "sha256:3a026f1a54135677e7da5ce819b0c690f156f37976f3e30c5430740725203d7f"},
]
certifi = [
    {file = "certifi-2020.4.5.1-py2.py3-none-any.whl", hash = "sha256:1d987a998c75633c40847cc966fcf5904906c920a7f17ef374f5aa4282abd304"},
    {file = "certifi-2020.4.5.1.tar.gz", hash = "sha256:51fcb31174be6e6664c5f69e3e1691a2d72a1a12e90f872cbdb1567eb47b6519"},
]
chardet = [
    {file = "chardet-3.0.4-py2.py3-none-any.whl", hash = "sha256:fc323ffcaeaed0e0a02bf4d117757b98aed530d9ed4531e3e15460124c106691"},
    {file = "chardet-3.0.4.tar.gz", hash = "sha256:84ab92ed1c4d4f16916e05906b6b75a6c0fb5db821cc65e70cbd64a3e2a5eaae"},
]
frozendict = [
    {file = "frozendict-1.2.tar.gz", hash = "sha256:774179f22db2ef8a106e9c38d4d1f8503864603db08de2e33be5b778230f6e45"},
]
genanki = []
idna = [
    {file = "idna-2.9-py2.py3-none-any.whl", hash = "sha256:a068a21ceac8a4d63dbfd964670474107f541babbd2250d61922f029858365fa"},
    {file = "idna-2.9.tar.gz", hash = "sha256:7588d1c14ae4c77d74036e8c22ff447b26d0fde8f007354fd48a7814db15b7cb"},
]
lockfile = [
    {file = "lockfile-0.12.2-py2.py3-none-any.whl", hash = "sha256:6c3cb24f344923d30b2785d5ad75182c8ea7ac1b6171b08657258ec7429d50fa"},
    {file = "lockfile-0.12.2.tar.gz", hash = "sha256:6aed02de03cba24efabcd600b30540140634fc06cfa603822d508d5361e9f799"},
]
lxml = [
    {file = "lxml-4.4.1-cp27-cp27m-macosx_10_6_intel.macosx_10_9_intel.macosx_10_9_x86_64.macosx_10_10_intel.macosx_10_10_x86_64.whl", hash = "sha256:1f4f214337f6ee5825bf90a65d04d70aab05526c08191ab888cb5149501923c5"},
    {file = "lxml-4.4.1-cp27-cp27m-manylinux1_i686.whl", hash = "sha256:e9c028b5897901361d81a4718d1db217b716424a0283afe9d6735fe0caf70f79"},
    {file = "lxml-4.4.1-cp27-cp27m-manylinux1_x86_64.whl", hash = "sha256:02ca7bf899da57084041bb0f6095333e4d239948ad3169443f454add9f4e9cb4"},
    {file = "lxml-4.4.1-cp27-cp27m-win32.whl", hash = "sha256:4dffd405390a45ecb95ab5ab1c1b847553c18b0ef8ed01e10c1c8b1a76452916"},
    {file = "lxml-4.4.1-cp27-cp27m-win_amd64.whl", hash = "sha256:c27eaed872185f047bb7f7da2d21a7d8913457678c9a100a50db6da890bc28b9"},
    {file = "lxml-4.4.1-cp27-cp27mu-manylinux1_i686.whl", hash = "sha256:a63b4fd3e2cabdcc9d918ed280bdde3e8e9641e04f3c59a2a3109644a07b9832"},
    {file = "lxml-4.4.1-cp27-cp27mu-manylinux1_x86_64.whl", hash = "sha256:fe489d486cd00b739be826e8c1be188ddb74c7a1ca784d93d06fda882a6a1681"},
    {file = "lxml-4.4.1-cp35-cp35m-manylinux1_i686.whl", hash = "sha256:726c17f3e0d7a7200718c9a890ccfeab391c9133e363a577a44717c85c71db27"},
    {file = "lxml-4.4.1-cp35-cp35m-manylinux1_x86_64.whl", hash = "sha256:17e3950add54c882e032527795c625929613adbd2ce5162b94667334458b5a36"},
    {file = "lxml-4.4.1-cp35-cp35m-win32.whl", hash = "sha256:d11874b3c33ee441059464711cd365b89fa1a9cf19ae75b0c189b01fbf735b84"},
    {file = "lxml-4.4.1-cp35-cp35m-win_amd64.whl", hash = "sha256:be78485e5d5f3684e875dab60f40cddace2f5b2a8f7fede412358ab3214c3a6f"},
    {file = "lxml-4.4.1-cp36-cp36m-macosx_10_6_intel.macosx_10_9_intel.macosx_10_9_x86_64.macosx_10_10_intel.macosx_10_10_x86_64.whl", hash = "sha256:891fe897b49abb7db470c55664b198b1095e4943b9f82b7dcab317a19116cd38"},
    {file = "lxml-4.4.1-cp36-cp36m-manylinux1_i686.whl", hash = "sha256:17cae1730a782858a6e2758fd20dd0ef7567916c47757b694a06ffafdec20046"},
    {file = "lxml-4.4.1-cp36-cp36m-manylinux1_x86_64.whl", hash = "sha256:b0b84408d4eabc6de9dd1e1e0bc63e7731e890c0b378a62443e5741cfd0ae90a"},
    {file = "lxml-4.4.1-cp36-cp36m-win32.whl", hash = "sha256:796685d3969815a633827c818863ee199440696b0961e200b011d79b9394bbe7"},
    {file = "lxml-4.4.1-cp36-cp36m-win_amd64.whl", hash = "sha256:a471628e20f03dcdfde00770eeaf9c77811f0c331c8805219ca7b87ac17576c5"},
    {file = "lxml-4.4.1-cp37-cp37m-macosx_10_6_intel.macosx_10_9_intel.macosx_10_9_x86_64.macosx_10_10_intel.macosx_10_10_x86_64.whl", hash = "sha256:760c12276fee05c36f95f8040180abc7fbebb9e5011447a97cdc289b5d6ab6fc"},
    {file = "lxml-4.4.1-cp37-cp37m-manylinux1_i686.whl", hash = "sha256:0a920ff98cf1aac310470c644bc23b326402d3ef667ddafecb024e1713d485f1"},
    {file = "lxml-4.4.1-cp37-cp37m-manylinux1_x86_64.whl", hash = "sha256:6b899931a5648862c7b88c795eddff7588fb585e81cecce20f8d9da16eff96e0"},
    {file = "lxml-4.4.1-cp37-cp37m-win32.whl", hash = "sha256:096b82c5e0ea27ce9138bcbb205313343ee66a6e132f25c5ed67e2c8d960a1bc"},
    {file = "lxml-4.4.1-cp37-cp37m-win_amd64.whl", hash = "sha256:2e8f77db25b0a96af679e64ff9bf9dddb27d379c9900c3272f3041c4d1327c9d"},
    {file = "lxml-4.4.1-cp38-cp38-manylinux1_i686.whl", hash = "sha256:ae88588d687bd476be588010cbbe551e9c2872b816f2da8f01f6f1fda74e1ef0"},
    {file = "lxml-4.4.1-cp38-cp38-manylinux1_x86_64.whl", hash = "sha256:1409b14bf83a7d729f92e2a7fbfe7ec929d4883ca071b06e95c539ceedb6497c"},
    {file = "lxml-4.4.1-cp38-cp38-win32.whl", hash = "sha256:c7fccd08b14aa437fe096c71c645c0f9be0655a9b1a4b7cffc77bcb23b3d61d2"},
    {file = "lxml-4.4.1-cp38-cp38-win_amd64.whl", hash = "sha256:9277562f175d2334744ad297568677056861070399cec56ff06abbe2564d1232"},
    {file = "lxml-4.4.1.tar.gz", hash = "sha256:c81cb40bff373ab7a7446d6bbca0190bccc5be3448b47b51d729e37799bb5692"},
]
msgpack = [
    {file = "msgpack-0.6.2-cp27-cp27m-manylinux1_i686.whl", hash = "sha256:774f5edc3475917cd95fe593e625d23d8580f9b48b570d8853d06cac171cd170"},
    {file = "msgpack-0.6.2-cp27-cp27m-manylinux1_x86_64.whl", hash = "sha256:a06efd0482a1942aad209a6c18321b5e22d64eb531ea20af138b28172d8f35ba"},
    {file = "msgpack-0.6.2-cp27-cp27m-win32.whl", hash = "sha256:8a3ada8401736df2bf497f65589293a86c56e197a80ae7634ec2c3150a2f5082"},
    {file = "msgpack-0.6.2-cp27-cp27m-win_amd64.whl", hash = "sha256:b8b4bd3dafc7b92608ae5462add1c8cc881851c2d4f5d8977fdea5b081d17f21"},
    {file = "msgpack-0.6.2-cp27-cp27mu-manylinux1_i686.whl", hash = "sha256:24149a75643aeaa81ece4259084d11b792308a6cf74e796cbb35def94c89a25a"},
    {file = "msgpack-0.6.2-cp27-cp27mu-manylinux1_x86_64.whl", hash = "sha256:757bd71a9b89e4f1db0622af4436d403e742506dbea978eba566815dc65ec895"},
    {file = "msgpack-0.6.2-cp35-cp35m-macosx_10_6_intel.whl", hash = "sha256:32fea0ea3cd1ef820286863a6202dcfd62a539b8ec3edcbdff76068a8c2cc6ce"},
    {file = "msgpack-0.6.2-cp35-cp35m-manylinux1_i686.whl", hash = "sha256:db7ff14abc73577b0bcbcf73ecff97d3580ecaa0fc8724babce21fdf3fe08ef6"},
    {file = "msgpack-0.6.2-cp35-cp35m-manylinux1_x86_64.whl", hash = "sha256:187794cd1eb73acccd528247e3565f6760bd842d7dc299241f830024a7dd5610"},
    {file = "msgpack-0.6.2-cp36-cp36m-macosx_10_6_intel.whl", hash = "sha256:b24afc52e18dccc8c175de07c1d680bdf315844566f4952b5bedb908894bec79"},
    {file = "msgpack-0.6.2-cp36-cp36m-manylinux1_i686.whl", hash = "sha256:355f7fd0f90134229eaeefaee3cf42e0afc8518e8f3cd4b25f541a7104dcb8f9"},
    {file = "msgpack-0.6.2-cp36-cp36m-manylinux1_x86_64.whl", hash = "sha256:76df51492bc6fa6cc8b65d09efdb67cbba3cbfe55004c3afc81352af92b4a43c"},
    {file = "msgpack-0.6.2-cp36-cp36m-win32.whl", hash = "sha256:f0f47bafe9c9b8ed03e19a100a743662dd8c6d0135e684feea720a0d0046d116"},
    {file = "msgpack-0.6.2-cp36-cp36m-win_amd64.whl", hash = "sha256:c6e5024fc0cdf7f83b6624850309ddd7e06c48a75fa0d1c5173de4d93300eb19"},
    {file = "msgpack-0.6.2-cp37-cp37m-macosx_10_14_x86_64.whl", hash = "sha256:30b88c47e0cdb6062daed88ca283b0d84fa0d2ad6c273aa0788152a1c643e408"},
    {file = "msgpack-0.6.2-cp37-cp37m-macosx_10_9_x86_64.whl", hash = "sha256:229a0ccdc39e9b6c6d1033cd8aecd9c296823b6c87f0de3943c59b8bc7c64bee"},
    {file = "msgpack-0.6.2-cp37-cp37m-manylinux1_i686.whl", hash = "sha256:4abdb88a9b67e64810fb54b0c24a1fd76b12297b4f7a1467d85a14dd8367191a"},
    {file = "msgpack-0.6.2-cp37-cp37m-manylinux1_x86_64.whl", hash = "sha256:dedf54d72d9e7b6d043c244c8213fe2b8bbfe66874b9a65b39c4cc892dd99dd4"},
    {file = "msgpack-0.6.2-cp37-cp37m-win32.whl", hash = "sha256:0cc7ca04e575ba34fea7cfcd76039f55def570e6950e4155a4174368142c8e1b"},
    {file = "msgpack-0.6.2-cp37-cp37m-win_amd64.whl", hash = "sha256:1904b7cb65342d0998b75908304a03cb004c63ef31e16c8c43fee6b989d7f0d7"},
    {file = "msgpack-0.6.2.tar.gz", hash = "sha256:ea3c2f859346fcd55fc46e96885301d9c2f7a36d453f5d8f2967840efa1e1830"},
]
pystache = [
    {file = "pystache-0.5.4.tar.gz", hash = "sha256:f7bbc265fb957b4d6c7c042b336563179444ab313fb93a719759111eabd3b85a"},
]
pyyaml = [
    {file = "PyYAML-5.3.1-cp27-cp27m-win32.whl", hash = "sha256:74809a57b329d6cc0fdccee6318f44b9b8649961fa73144a98735b0aaf029f1f"},
    {file = "PyYAML-5.3.1-cp27-cp27m-win_amd64.whl", hash = "sha256:240097ff019d7c70a4922b6869d8a86407758333f02203e0fc6ff79c5dcede76"},
    {file = "PyYAML-5.3.1-cp35-cp35m-win32.whl", hash = "sha256:4f4b913ca1a7319b33cfb1369e91e50354d6f07a135f3b901aca02aa95940bd2"},
    {file = "PyYAML-5.3.1-cp35-cp35m-win_amd64.whl", hash = "sha256:cc8955cfbfc7a115fa81d85284ee61147059a753344bc51098f3ccd69b0d7e0c"},
    {file = "PyYAML-5.3.1-cp36-cp36m-win32.whl", hash = "sha256:7739fc0fa8205b3ee8808aea45e968bc90082c10aef6ea95e855e10abf4a37b2"},
    {file = "PyYAML-5.3.1-cp36-cp36m-win_amd64.whl", hash = "sha256:69f00dca373f240f842b2931fb2c7e14ddbacd1397d57157a9b005a6a9942648"},
    {file = "PyYAML-5.3.1-cp37-cp37m-win32.whl", hash = "sha256:d13155f591e6fcc1ec3b30685d50bf0711574e2c0dfffd7644babf8b5102ca1a"},
    {file = "PyYAML-5.3.1-cp37-cp37m-win_amd64.whl", hash = "sha256:73f099454b799e05e5ab51423c7bcf361c58d3206fa7b0d555426b1f4d9a3eaf"},
    {file = "PyYAML-5.3.1-cp38-cp38-win32.whl", hash = "sha256:06a0d7ba600ce0b2d2fe2e78453a470b5a6e000a985dd4a4e54e436cc36b0e97"},
    {file = "PyYAML-5.3.1-cp38-cp38-win_amd64.whl", hash = "sha256:95f71d2af0ff4227885f7a6605c37fd53d3a106fcab511b8860ecca9fcf400ee"},
    {file = "PyYAML-5.3.1.tar.gz", hash = "sha256:b8eac752c5e14d3eca0e6dd9199cd627518cb5ec06add0de9d32baeee6fe645d"},
]
requests = [
    {file = "requests-2.23.0-py2.py3-none-any.whl", hash = "sha256:43999036bfa82904b6af1d99e4882b560e5e2c68e5c4b0aa03b655f3d7d73fee"},
    {file = "requests-2.23.0.tar.gz", hash = "sha256:b3f43d496c6daba4493e7c431722aeb7dbc6288f52a6e04e7b6023b0247817e6"},
]
soupsieve = [
    {file = "soupsieve-2.0.1-py3-none-any.whl", hash = "sha256:1634eea42ab371d3d346309b93df7870a88610f0725d47528be902a0d95ecc55"},
    {file = "soupsieve-2.0.1.tar.gz", hash = "sha256:a59dc181727e95d25f781f0eb4fd1825ff45590ec8ff49eadfd7f1a537cc0232"},
]
urllib3 = [
    {file = "urllib3-1.25.9-py2.py3-none-any.whl", hash = "sha256:88206b0eb87e6d677d424843ac5209e3fb9d0190d0ee169599165ec25e9d9115"},
    {file = "urllib3-1.25.9.tar.gz", hash = "sha256:3018294ebefce6572a474f0604c2021e33b3fd8006ecd11d62107a5d2a963527"},
]
